
Microsoft Visual Studio Solution File, Format Version 12.00
# Visual Studio Version 17
VisualStudioVersion = 17.4.33110.190
MinimumVisualStudioVersion = 10.0.40219.1
Project("{FAE04EC0-301F-11D3-BF4B-00C04F79EFBC}") = "SCTool_Redesigned", "SCTool_Redesigned\SCTool_Redesigned.csproj", "{A9550F0B-1DA4-4DDB-8CE0-C4A83C27618D}"
	ProjectSection(ProjectDependencies) = postProject
		{AF032DA2-22CA-4D49-A7D4-82F16E98DE8E} = {AF032DA2-22CA-4D49-A7D4-82F16E98DE8E}
	EndProjectSection
EndProject
Project("{9A19103F-16F7-4668-BE54-9A1E7A4F7556}") = "SCToolsLib", "SCToolsLib\SCToolsLib.csproj", "{AF032DA2-22CA-4D49-A7D4-82F16E98DE8E}"
EndProject
Global
	GlobalSection(SolutionConfigurationPlatforms) = preSolution
		Debug|Any CPU = Debug|Any CPU
		Debug|x64 = Debug|x64
		Release|Any CPU = Release|Any CPU
		Release|x64 = Release|x64
	EndGlobalSection
	GlobalSection(ProjectConfigurationPlatforms) = postSolution
		{A9550F0B-1DA4-4DDB-8CE0-C4A83C27618D}.Debug|Any CPU.ActiveCfg = Debug|Any CPU
		{A9550F0B-1DA4-4DDB-8CE0-C4A83C27618D}.Debug|Any CPU.Build.0 = Debug|Any CPU
		{A9550F0B-1DA4-4DDB-8CE0-C4A83C27618D}.Debug|x64.ActiveCfg = Debug|x64
		{A9550F0B-1DA4-4DDB-8CE0-C4A83C27618D}.Debug|x64.Build.0 = Debug|x64
		{A9550F0B-1DA4-4DDB-8CE0-C4A83C27618D}.Release|Any CPU.ActiveCfg = Release|Any CPU
		{A9550F0B-1DA4-4DDB-8CE0-C4A83C27618D}.Release|Any CPU.Build.0 = Release|Any CPU
		{A9550F0B-1DA4-4DDB-8CE0-C4A83C27618D}.Release|x64.ActiveCfg = Release|x64
		{A9550F0B-1DA4-4DDB-8CE0-C4A83C27618D}.Release|x64.Build.0 = Release|x64
		{AF032DA2-22CA-4D49-A7D4-82F16E98DE8E}.Debug|Any CPU.ActiveCfg = Debug|Any CPU
		{AF032DA2-22CA-4D49-A7D4-82F16E98DE8E}.Debug|Any CPU.Build.0 = Debug|Any CPU
		{AF032DA2-22CA-4D49-A7D4-82F16E98DE8E}.Debug|x64.ActiveCfg = Debug|Any CPU
		{AF032DA2-22CA-4D49-A7D4-82F16E98DE8E}.Debug|x64.Build.0 = Debug|Any CPU
		{AF032DA2-22CA-4D49-A7D4-82F16E98DE8E}.Release|Any CPU.ActiveCfg = Release|Any CPU
		{AF032DA2-22CA-4D49-A7D4-82F16E98DE8E}.Release|Any CPU.Build.0 = Release|Any CPU
		{AF032DA2-22CA-4D49-A7D4-82F16E98DE8E}.Release|x64.ActiveCfg = Release|Any CPU
		{AF032DA2-22CA-4D49-A7D4-82F16E98DE8E}.Release|x64.Build.0 = Release|Any CPU
	EndGlobalSection
	GlobalSection(SolutionProperties) = preSolution
		HideSolutionNode = FALSE
	EndGlobalSection
	GlobalSection(ExtensibilityGlobals) = postSolution
		SolutionGuid = {2E86E540-1B8C-4D28-813F-E1650F9249B0}
	EndGlobalSection
EndGlobal
